# This file is automatically @generated by Cargo.
version = 4

[[package]]
name = "cli"
version = "0.1.0"
dependencies = [
 "serde_json",
]

[[package]]
name = "secrets"
version = "0.1.0"

[[package]]
name = "serde_json"
version = "1.0.151"
source = "registry+https://github.com/rust-lang/crates.io-index"
checksum = "9f8c0d91e0f1b3e5d0f884f724a0e3"
