# This file is automatically @generated by Cargo.
version = 4

[[package]]
name = "app"
version = "0.1.0"
dependencies = [
 "actual-crate",
 "plain",
 "winapi",
]

[[package]]
name = "actual-crate"
version = "0.4.0"
source = "registry+https://github.com/rust-lang/crates.io-index"
checksum = "ee1f8c0d91e0f1b3e5d0f884f724a0"

[[package]]
name = "plain"
version = "1.0.0"
source = "registry+https://github.com/rust-lang/crates.io-index"
checksum = "ff1f8c0d91e0f1b3e5d0f884f724a0"

[[package]]
name = "winapi"
version = "0.3.9"
source = "registry+https://github.com/rust-lang/crates.io-index"
checksum = "11f8c0d91e0f1b3e5d0f884f724a0e3"
