# This file is automatically @generated by Cargo.
version = 4

[[package]]
name = "app"
version = "0.1.0"
dependencies = [
 "rustc-serialize",
 "time",
]

[[package]]
name = "rustc-serialize"
version = "0.3.25"
source = "registry+https://github.com/rust-lang/crates.io-index"
checksum = "7f5b6a08bb1d2b" 

[[package]]
name = "time"
version = "0.1.44"
source = "registry+https://github.com/rust-lang/crates.io-index"
checksum = "0a4b0b1d1d1e"
